PODS:
  - AppAuth (1.4.0):
    - AppAuth/Core (= 1.4.0)
    - AppAuth/ExternalUserAgent (= 1.4.0)
  - AppAuth/Core (1.4.0)
  - AppAuth/ExternalUserAgent (1.4.0)
  - audio_session (0.0.1):
    - Flutter
  - FBSDKCoreKit (9.1.0):
    - FBSDKCoreKit/Basics (= 9.1.0)
    - FBSDKCoreKit/Core (= 9.1.0)
  - FBSDKCoreKit/Basics (9.1.0)
  - FBSDKCoreKit/Core (9.1.0):
    - FBSDKCoreKit/Basics
  - FBSDKLoginKit (9.1.0):
    - FBSDKLoginKit/Login (= 9.1.0)
  - FBSDKLoginKit/Login (9.1.0):
    - FBSDKCoreKit (~> 9.1.0)
  - Firebase/Auth (7.3.0):
    - Firebase/CoreOnly
    - FirebaseAuth (~> 7.3.0)
  - Firebase/CoreOnly (7.3.0):
    - FirebaseCore (= 7.3.0)
  - firebase_auth (1.0.1):
    - Firebase/Auth (= 7.3.0)
    - firebase_core
    - Flutter
  - firebase_core (1.0.2):
    - Firebase/CoreOnly (= 7.3.0)
    - Flutter
  - FirebaseAuth (7.3.0):
    - FirebaseCore (~> 7.0)
    - GoogleUtilities/AppDelegateSwizzler (~> 7.0)
    - GoogleUtilities/Environment (~> 7.0)
    - GTMSessionFetcher/Core (~> 1.4)
  - FirebaseCore (7.3.0):
    - FirebaseCoreDiagnostics (~> 7.0)
    - GoogleUtilities/Environment (~> 7.0)
    - GoogleUtilities/Logger (~> 7.0)
  - FirebaseCoreDiagnostics (7.8.0):
    - GoogleDataTransport (~> 8.0)
    - GoogleUtilities/Environment (~> 7.0)
    - GoogleUtilities/Logger (~> 7.0)
    - nanopb (~> 2.30907.0)
  - Flutter (1.0.0)
  - flutter_facebook_auth (1.0.0):
    - FBSDKCoreKit (~> 9.1.0)
    - FBSDKLoginKit (~> 9.1.0)
    - Flutter
  - google_maps_flutter (0.0.1):
    - Flutter
    - GoogleMaps (< 3.10)
  - google_sign_in (0.0.1):
    - Flutter
    - GoogleSignIn (~> 5.0)
  - GoogleDataTransport (8.3.0):
    - GoogleUtilities/Environment (~> 7.2)
    - nanopb (~> 2.30907.0)
    - PromisesObjC (~> 1.2)
  - GoogleMaps (3.9.0):
    - GoogleMaps/Maps (= 3.9.0)
  - GoogleMaps/Base (3.9.0)
  - GoogleMaps/Maps (3.9.0):
    - GoogleMaps/Base
  - GoogleSignIn (5.0.2):
    - AppAuth (~> 1.2)
    - GTMAppAuth (~> 1.0)
    - GTMSessionFetcher/Core (~> 1.1)
  - GoogleUtilities/AppDelegateSwizzler (7.3.1):
    - GoogleUtilities/Environment
    - GoogleUtilities/Logger
    - GoogleUtilities/Network
  - GoogleUtilities/Environment (7.3.1):
    - PromisesObjC (~> 1.2)
  - GoogleUtilities/Logger (7.3.1):
    - GoogleUtilities/Environment
  - GoogleUtilities/Network (7.3.1):
    - GoogleUtilities/Logger
    - "GoogleUtilities/NSData+zlib"
    - GoogleUtilities/Reachability
  - "GoogleUtilities/NSData+zlib (7.3.1)"
  - GoogleUtilities/Reachability (7.3.1):
    - GoogleUtilities/Logger
  - GTMAppAuth (1.1.0):
    - AppAuth/Core (~> 1.4)
    - GTMSessionFetcher (~> 1.4)
  - GTMSessionFetcher (1.5.0):
    - GTMSessionFetcher/Full (= 1.5.0)
  - GTMSessionFetcher/Core (1.5.0)
  - GTMSessionFetcher/Full (1.5.0):
    - GTMSessionFetcher/Core (= 1.5.0)
  - just_audio (0.0.1):
    - Flutter
  - nanopb (2.30907.0):
    - nanopb/decode (= 2.30907.0)
    - nanopb/encode (= 2.30907.0)
  - nanopb/decode (2.30907.0)
  - nanopb/encode (2.30907.0)
  - path_provider (0.0.1):
    - Flutter
  - PromisesObjC (1.2.12)
  - share (0.0.1):
    - Flutter
  - shared_preferences (0.0.1):
    - Flutter
  - sign_in_with_apple (0.0.1):
    - Flutter
  - url_launcher (0.0.1):
    - Flutter
  - video_player (0.0.1):
    - Flutter
  - wakelock (0.0.1):
    - Flutter
  - webview_flutter (0.0.1):
    - Flutter

DEPENDENCIES:
  - audio_session (from `.symlinks/plugins/audio_session/ios`)
  - firebase_auth (from `.symlinks/plugins/firebase_auth/ios`)
  - firebase_core (from `.symlinks/plugins/firebase_core/ios`)
  - Flutter (from `Flutter`)
  - flutter_facebook_auth (from `.symlinks/plugins/flutter_facebook_auth/ios`)
  - google_maps_flutter (from `.symlinks/plugins/google_maps_flutter/ios`)
  - google_sign_in (from `.symlinks/plugins/google_sign_in/ios`)
  - just_audio (from `.symlinks/plugins/just_audio/ios`)
  - path_provider (from `.symlinks/plugins/path_provider/ios`)
  - share (from `.symlinks/plugins/share/ios`)
  - shared_preferences (from `.symlinks/plugins/shared_preferences/ios`)
  - sign_in_with_apple (from `.symlinks/plugins/sign_in_with_apple/ios`)
  - url_launcher (from `.symlinks/plugins/url_launcher/ios`)
  - video_player (from `.symlinks/plugins/video_player/ios`)
  - wakelock (from `.symlinks/plugins/wakelock/ios`)
  - webview_flutter (from `.symlinks/plugins/webview_flutter/ios`)

SPEC REPOS:
  trunk:
    - AppAuth
    - FBSDKCoreKit
    - FBSDKLoginKit
    - Firebase
    - FirebaseAuth
    - FirebaseCore
    - FirebaseCoreDiagnostics
    - GoogleDataTransport
    - GoogleMaps
    - GoogleSignIn
    - GoogleUtilities
    - GTMAppAuth
    - GTMSessionFetcher
    - nanopb
    - PromisesObjC

EXTERNAL SOURCES:
  audio_session:
    :path: ".symlinks/plugins/audio_session/ios"
  firebase_auth:
    :path: ".symlinks/plugins/firebase_auth/ios"
  firebase_core:
    :path: ".symlinks/plugins/firebase_core/ios"
  Flutter:
    :path: Flutter
  flutter_facebook_auth:
    :path: ".symlinks/plugins/flutter_facebook_auth/ios"
  google_maps_flutter:
    :path: ".symlinks/plugins/google_maps_flutter/ios"
  google_sign_in:
    :path: ".symlinks/plugins/google_sign_in/ios"
  just_audio:
    :path: ".symlinks/plugins/just_audio/ios"
  path_provider:
    :path: ".symlinks/plugins/path_provider/ios"
  share:
    :path: ".symlinks/plugins/share/ios"
  shared_preferences:
    :path: ".symlinks/plugins/shared_preferences/ios"
  sign_in_with_apple:
    :path: ".symlinks/plugins/sign_in_with_apple/ios"
  url_launcher:
    :path: ".symlinks/plugins/url_launcher/ios"
  video_player:
    :path: ".symlinks/plugins/video_player/ios"
  wakelock:
    :path: ".symlinks/plugins/wakelock/ios"
  webview_flutter:
    :path: ".symlinks/plugins/webview_flutter/ios"

SPEC CHECKSUMS:
  AppAuth: 31bcec809a638d7bd2f86ea8a52bd45f6e81e7c7
  audio_session: 4f3e461722055d21515cf3261b64c973c062f345
  FBSDKCoreKit: a00fe2efd780c195a5e09201bf51c56106245b40
  FBSDKLoginKit: d98498c598ec09de657385a9349a1f21119b7f86
  Firebase: 26223c695fe322633274198cb19dca8cb7e54416
  firebase_auth: 9f6491ea8e44570323361ae713a2ae3175b3f21a
  firebase_core: e6cbb0d1f7091edfcae31559e58224bfc1e455dc
  FirebaseAuth: c224a0cf1afa0949bd5c7bfcf154b4f5ce8ddef2
  FirebaseCore: 4d3c72622ce0e2106aaa07bb4b2935ba2c370972
  FirebaseCoreDiagnostics: 066f996579cf097bdad3d7dc9a918d6b9e129c50
  Flutter: 434fef37c0980e73bb6479ef766c45957d4b510c
  flutter_facebook_auth: 24b6e255a5b2336963da48d0d3eeee4df824c0ed
  google_maps_flutter: c7f9c73576de1fbe152a227bfd6e6c4ae8088619
  google_sign_in: 6bd214b9c154f881422f5fe27b66aaa7bbd580cc
  GoogleDataTransport: b006084b73915a42c28a3466961a4edda3065da6
  GoogleMaps: 4b5346bddfe6911bb89155d43c903020170523ac
  GoogleSignIn: 7137d297ddc022a7e0aa4619c86d72c909fa7213
  GoogleUtilities: e1d9ed4e544fc32a93e00e721400cbc3f377200d
  GTMAppAuth: 197a8dabfea5d665224aa00d17f164fc2248dab9
  GTMSessionFetcher: b3503b20a988c4e20cc189aa798fd18220133f52
  just_audio: baa7252489dbcf47a4c7cc9ca663e9661c99aafa
  nanopb: 59221d7f958fb711001e6a449489542d92ae113e
  path_provider: abfe2b5c733d04e238b0d8691db0cfd63a27a93c
  PromisesObjC: 3113f7f76903778cf4a0586bd1ab89329a0b7b97
  share: 0b2c3e82132f5888bccca3351c504d0003b3b410
  shared_preferences: af6bfa751691cdc24be3045c43ec037377ada40d
  sign_in_with_apple: 34f3f5456a45fd7ac5fb42905e2ad31dae061b4a
  url_launcher: 6fef411d543ceb26efce54b05a0a40bfd74cbbef
  video_player: 9cc823b1d9da7e8427ee591e8438bfbcde500e6e
  wakelock: b0843b2479edbf6504d8d262c2959446f35373aa
  webview_flutter: 9f491a9b5a66f2573946a389b2677987b0ff8c0b

PODFILE CHECKSUM: fe0e1ee7f3d1f7d00b11b474b62dd62134535aea

COCOAPODS: 1.10.1
